// !$*UTF8*$!
{
	archiveVersion = 1;
	classes = {
	};
	objectVersion = 48;
	objects = {

/* Begin PBXBuildFile section */
		FF262B2C1FA9C41C004466FF /* AppDelegate.swift in Sources */ = {isa = PBXBuildFile; fileRef = FF262B2B1FA9C41C004466FF /* AppDelegate.swift */; };
		FF262B2E1FA9C41C004466FF /* art.scnassets in Resources */ = {isa = PBXBuildFile; fileRef = FF262B2D1FA9C41C004466FF /* art.scnassets */; };
		FF262B301FA9C41C004466FF /* ViewController.swift in Sources */ = {isa = PBXBuildFile; fileRef = FF262B2F1FA9C41C004466FF /* ViewController.swift */; };
		FF262B351FA9C41C004466FF /* Assets.xcassets in Resources */ = {isa = PBXBuildFile; fileRef = FF262B341FA9C41C004466FF /* Assets.xcassets */; };
		FF262B381FA9C41C004466FF /* LaunchScreen.storyboard in Resources */ = {isa = PBXBuildFile; fileRef = FF262B361FA9C41C004466FF /* LaunchScreen.storyboard */; };
		FF3EFBAB1FB596B000253F1D /* Main.storyboard in Resources */ = {isa = PBXBuildFile; fileRef = FF3EFBA91FB596B000253F1D /* Main.storyboard */; };
/* End PBXBuildFile section */

/* Begin PBXFileReference section */
		FF262B281FA9C41C004466FF /* arkitDemo.app */ = {isa = PBXFileReference; explicitFileType = wrapper.application; includeInIndex = 0; path = arkitDemo.app; sourceTree = BUILT_PRODUCTS_DIR; };
		FF262B2B1FA9C41C004466FF /* AppDelegate.swift */ = {isa = PBXFileReference; lastKnownFileType = sourcecode.swift; path = AppDelegate.swift; sourceTree = "<group>"; };
		FF262B2D1FA9C41C004466FF /* art.scnassets */ = {isa = PBXFileReference; lastKnownFileType = wrapper.scnassets; path = art.scnassets; sourceTree = "<group>"; };
		FF262B2F1FA9C41C004466FF /* ViewController.swift */ = {isa = PBXFileReference; lastKnownFileType = sourcecode.swift; path = ViewController.swift; sourceTree = "<group>"; };
		FF262B341FA9C41C004466FF /* Assets.xcassets */ = {isa = PBXFileReference; lastKnownFileType = folder.assetcatalog; path = Assets.xcassets; sourceTree = "<group>"; };
		FF262B371FA9C41C004466FF /* Base */ = {isa = PBXFileReference; lastKnownFileType = file.storyboard; name = Base; path = Base.lproj/LaunchScreen.storyboard; sourceTree = "<group>"; };
		FF262B391FA9C41C004466FF /* Info.plist */ = {isa = PBXFileReference; lastKnownFileType = text.plist.xml; path = Info.plist; sourceTree = "<group>"; };
		FF3EFBAA1FB596B000253F1D /* Base */ = {isa = PBXFileReference; lastKnownFileType = file.storyboard; name = Base; path = Base.lproj/Main.storyboard; sourceTree = "<group>"; };
/* End PBXFileReference section */

/* Begin PBXFrameworksBuildPhase section */
		FF262B251FA9C41C004466FF /* Frameworks */ = {
			isa = PBXFrameworksBuildPhase;
			buildActionMask = 2147483647;
			files = (
			);
			runOnlyForDeploymentPostprocessing = 0;
		};
/* End PBXFrameworksBuildPhase section */

/* Begin PBXGroup section */
		FF262B1F1FA9C41C004466FF = {
			isa = PBXGroup;
			children = (
				FF262B2A1FA9C41C004466FF /* arkitDemo */,
				FF262B291FA9C41C004466FF /* Products */,
			);
			sourceTree = "<group>";
		};
		FF262B291FA9C41C004466FF /* Products */ = {
			isa = PBXGroup;
			children = (
				FF262B281FA9C41C004466FF /* arkitDemo.app */,
			);
			name = Products;
			sourceTree = "<group>";
		};
		FF262B2A1FA9C41C004466FF /* arkitDemo */ = {
			isa = PBXGroup;
			children = (
				FF3EFBA91FB596B000253F1D /* Main.storyboard */,
				FF262B2B1FA9C41C004466FF /* AppDelegate.swift */,
				FF262B2D1FA9C41C004466FF /* art.scnassets */,
				FF262B2F1FA9C41C004466FF /* ViewController.swift */,
				FF262B341FA9C41C004466FF /* Assets.xcassets */,
				FF262B361FA9C41C004466FF /* LaunchScreen.storyboard */,
				FF262B391FA9C41C004466FF /* Info.plist */,
			);
			path = arkitDemo;
			sourceTree = "<group>";
		};
/* End PBXGroup section */

/* Begin PBXNativeTarget section */
		FF262B271FA9C41C004466FF /* arkitDemo */ = {
			isa = PBXNativeTarget;
			buildConfigurationList = FF262B3C1FA9C41C004466FF /* Build configuration list for PBXNativeTarget "arkitDemo" */;
			buildPhases = (
				FF262B241FA9C41C004466FF /* Sources */,
				FF262B251FA9C41C004466FF /* Frameworks */,
				FF262B261FA9C41C004466FF /* Resources */,
			);
			buildRules = (
			);
			dependencies = (
			);
			name = arkitDemo;
			productName = arkitDemo;
			productReference = FF262B281FA9C41C004466FF /* arkitDemo.app */;
			productType = "com.apple.product-type.application";
		};
/* End PBXNativeTarget section */

/* Begin PBXProject section */
		FF262B201FA9C41C004466FF /* Project object */ = {
			isa = PBXProject;
			attributes = {
				LastSwiftUpdateCheck = 0900;
				LastUpgradeCheck = 0900;
				ORGANIZATIONNAME = "shishir sapkota";
				TargetAttributes = {
					FF262B271FA9C41C004466FF = {
						CreatedOnToolsVersion = 9.0;
						ProvisioningStyle = Automatic;
					};
				};
			};
			buildConfigurationList = FF262B231FA9C41C004466FF /* Build configuration list for PBXProject "arkitDemo" */;
			compatibilityVersion = "Xcode 8.0";
			developmentRegion = en;
			hasScannedForEncodings = 0;
			knownRegions = (
				en,
				Base,
			);
			mainGroup = FF262B1F1FA9C41C004466FF;
			productRefGroup = FF262B291FA9C41C004466FF /* Products */;
			projectDirPath = "";
			projectRoot = "";
			targets = (
				FF262B271FA9C41C004466FF /* arkitDemo */,
			);
		};
/* End PBXProject section */

/* Begin PBXResourcesBuildPhase section */
		FF262B261FA9C41C004466FF /* Resources */ = {
			isa = PBXResourcesBuildPhase;
			buildActionMask = 2147483647;
			files = (
				FF262B2E1FA9C41C004466FF /* art.scnassets in Resources */,
				FF262B381FA9C41C004466FF /* LaunchScreen.storyboard in Resources */,
				FF262B351FA9C41C004466FF /* Assets.xcassets in Resources */,
				FF3EFBAB1FB596B000253F1D /* Main.storyboard in Resources */,
			);
			runOnlyForDeploymentPostprocessing = 0;
		};
/* End PBXResourcesBuildPhase section */

/* Begin PBXSourcesBuildPhase section */
		FF262B241FA9C41C004466FF /* Sources */ = {
			isa = PBXSourcesBuildPhase;
			buildActionMask = 2147483647;
			files = (
				FF262B301FA9C41C004466FF /* ViewController.swift in Sources */,
				FF262B2C1FA9C41C004466FF /* AppDelegate.swift in Sources */,
			);
			runOnlyForDeploymentPostprocessing = 0;
		};
/* End PBXSourcesBuildPhase section */

/* Begin PBXVariantGroup section */
		FF262B361FA9C41C004466FF /* LaunchScreen.storyboard */ = {
			isa = PBXVariantGroup;
			children = (
				FF262B371FA9C41C004466FF /* Base */,
			);
			name = LaunchScreen.storyboard;
			sourceTree = "<group>";
		};
		FF3EFBA91FB596B000253F1D /* Main.storyboard */ = {
			isa = PBXVariantGroup;
			children = (
				FF3EFBAA1FB596B000253F1D /* Base */,
			);
			name = Main.storyboard;
			sourceTree = "<group>";
		};
/* End PBXVariantGroup section */

/* Begin XCBuildConfiguration section */
		FF262B3A1FA9C41C004466FF /* Debug */ = {
			isa = XCBuildConfiguration;
			buildSettings = {
				ALWAYS_SEARCH_USER_PATHS = NO;
				CLANG_ANALYZER_NONNULL = YES;
				CLANG_ANALYZER_NUMBER_OBJECT_CONVERSION = YES_AGGRESSIVE;
				CLANG_CXX_LANGUAGE_STANDARD = "gnu++14";
				CLANG_CXX_LIBRARY = "libc++";
				CLANG_ENABLE_MODULES = YES;
				CLANG_ENABLE_OBJC_ARC = YES;
				CLANG_WARN_BLOCK_CAPTURE_AUTORELEASING = YES;
				CLANG_WARN_BOOL_CONVERSION = YES;
				CLANG_WARN_COMMA = YES;
				CLANG_WARN_CONSTANT_CONVERSION = YES;
				CLANG_WARN_DIRECT_OBJC_ISA_USAGE = YES_ERROR;
				CLANG_WARN_DOCUMENTATION_COMMENTS = YES;
				CLANG_WARN_EMPTY_BODY = YES;
				CLANG_WARN_ENUM_CONVERSION = YES;
				CLANG_WARN_INFINITE_RECURSION = YES;
				CLANG_WARN_INT_CONVERSION = YES;
				CLANG_WARN_NON_LITERAL_NULL_CONVERSION = YES;
				CLANG_WARN_OBJC_LITERAL_CONVERSION = YES;
				CLANG_WARN_OBJC_ROOT_CLASS = YES_ERROR;
				CLANG_WARN_RANGE_LOOP_ANALYSIS = YES;
				CLANG_WARN_STRICT_PROTOTYPES = YES;
				CLANG_WARN_SUSPICIOUS_MOVE = YES;
				CLANG_WARN_UNGUARDED_AVAILABILITY = YES_AGGRESSIVE;
				CLANG_WARN_UNREACHABLE_CODE = YES;
				CLANG_WARN__DUPLICATE_METHOD_MATCH = YES;
				CODE_SIGN_IDENTITY = "iPhone Developer";
				COPY_PHASE_STRIP = NO;
				DEBUG_INFORMATION_FORMAT = dwarf;
				ENABLE_STRICT_OBJC_MSGSEND = YES;
				ENABLE_TESTABILITY = YES;
				GCC_C_LANGUAGE_STANDARD = gnu11;
				GCC_DYNAMIC_NO_PIC = NO;
				GCC_NO_COMMON_BLOCKS = YES;
				GCC_OPTIMIZATION_LEVEL = 0;
				GCC_PREPROCESSOR_DEFINITIONS = (
					"DEBUG=1",
					"$(inherited)",
				);
				GCC_WARN_64_TO_32_BIT_CONVERSION = YES;
				GCC_WARN_ABOUT_RETURN_TYPE = YES_ERROR;
				GCC_WARN_UNDECLARED_SELECTOR = YES;
				GCC_WARN_UNINITIALIZED_AUTOS = YES_AGGRESSIVE;
				GCC_WARN_UNUSED_FUNCTION = YES;
				GCC_WARN_UNUSED_VARIABLE = YES;
				IPHONEOS_DEPLOYMENT_TARGET = 11.0;
				MTL_ENABLE_DEBUG_INFO = YES;
				ONLY_ACTIVE_ARCH = YES;
				SDKROOT = iphoneos;
				SWIFT_ACTIVE_COMPILATION_CONDITIONS = DEBUG;
				SWIFT_OPTIMIZATION_LEVEL = "-Onone";
			};
			name = Debug;
		};
		FF262B3B1FA9C41C004466FF /* Release */ = {
			isa = XCBuildConfiguration;
			buildSettings = {
				ALWAYS_SEARCH_USER_PATHS = NO;
				CLANG_ANALYZER_NONNULL = YES;
				CLANG_ANALYZER_NUMBER_OBJECT_CONVERSION = YES_AGGRESSIVE;
				CLANG_CXX_LANGUAGE_STANDARD = "gnu++14";
				CLANG_CXX_LIBRARY = "libc++";
				CLANG_ENABLE_MODULES = YES;
				CLANG_ENABLE_OBJC_ARC = YES;
				CLANG_WARN_BLOCK_CAPTURE_AUTORELEASING = YES;
				CLANG_WARN_BOOL_CONVERSION = YES;
				CLANG_WARN_COMMA = YES;
				CLANG_WARN_CONSTANT_CONVERSION = YES;
				CLANG_WARN_DIRECT_OBJC_ISA_USAGE = YES_ERROR;
				CLANG_WARN_DOCUMENTATION_COMMENTS = YES;
				CLANG_WARN_EMPTY_BODY = YES;
				CLANG_WARN_ENUM_CONVERSION = YES;
				CLANG_WARN_INFINITE_RECURSION = YES;
				CLANG_WARN_INT_CONVERSION = YES;
				CLANG_WARN_NON_LITERAL_NULL_CONVERSION = YES;
				CLANG_WARN_OBJC_LITERAL_CONVERSION = YES;
				CLANG_WARN_OBJC_ROOT_CLASS = YES_ERROR;
				CLANG_WARN_RANGE_LOOP_ANALYSIS = YES;
				CLANG_WARN_STRICT_PROTOTYPES = YES;
				CLANG_WARN_SUSPICIOUS_MOVE = YES;
				CLANG_WARN_UNGUARDED_AVAILABILITY = YES_AGGRESSIVE;
				CLANG_WARN_UNREACHABLE_CODE = YES;
				CLANG_WARN__DUPLICATE_METHOD_MATCH = YES;
				CODE_SIGN_IDENTITY = "iPhone Developer";
				COPY_PHASE_STRIP = NO;
				DEBUG_INFORMATION_FORMAT = "dwarf-with-dsym";
				ENABLE_NS_ASSERTIONS = NO;
				ENABLE_STRICT_OBJC_MSGSEND = YES;
				GCC_C_LANGUAGE_STANDARD = gnu11;
				GCC_NO_COMMON_BLOCKS = YES;
				GCC_WARN_64_TO_32_BIT_CONVERSION = YES;
				GCC_WARN_ABOUT_RETURN_TYPE = YES_ERROR;
				GCC_WARN_UNDECLARED_SELECTOR = YES;
				GCC_WARN_UNINITIALIZED_AUTOS = YES_AGGRESSIVE;
				GCC_WARN_UNUSED_FUNCTION = YES;
				GCC_WARN_UNUSED_VARIABLE = YES;
				IPHONEOS_DEPLOYMENT_TARGET = 11.0;
				MTL_ENABLE_DEBUG_INFO = NO;
				SDKROOT = iphoneos;
				SWIFT_OPTIMIZATION_LEVEL = "-Owholemodule";
				VALIDATE_PRODUCT = YES;
			};
			name = Release;
		};
		FF262B3D1FA9C41C004466FF /* Debug */ = {
			isa = XCBuildConfiguration;
			buildSettings = {
				ASSETCATALOG_COMPILER_APPICON_NAME = AppIcon;
				CODE_SIGN_STYLE = Automatic;
				DEVELOPMENT_TEAM = 974PYRN6CZ;
				INFOPLIST_FILE = arkitDemo/Info.plist;
				LD_RUNPATH_SEARCH_PATHS = "$(inherited) @executable_path/Frameworks";
				PRODUCT_BUNDLE_IDENTIFIER = vedaPatraAdmin.com.ccr.arkitDemo;
				PRODUCT_NAME = "$(TARGET_NAME)";
				SWIFT_VERSION = 4.0;
				TARGETED_DEVICE_FAMILY = "1,2";
			};
			name = Debug;
		};
		FF262B3E1FA9C41C004466FF /* Release */ = {
			isa = XCBuildConfiguration;
			buildSettings = {
				ASSETCATALOG_COMPILER_APPICON_NAME = AppIcon;
				CODE_SIGN_STYLE = Automatic;
				DEVELOPMENT_TEAM = 974PYRN6CZ;
				INFOPLIST_FILE = arkitDemo/Info.plist;
				LD_RUNPATH_SEARCH_PATHS = "$(inherited) @executable_path/Frameworks";
				PRODUCT_BUNDLE_IDENTIFIER = vedaPatraAdmin.com.ccr.arkitDemo;
				PRODUCT_NAME = "$(TARGET_NAME)";
				SWIFT_VERSION = 4.0;
				TARGETED_DEVICE_FAMILY = "1,2";
			};
			name = Release;
		};
/* End XCBuildConfiguration section */

/* Begin XCConfigurationList section */
		FF262B231FA9C41C004466FF /* Build configuration list for PBXProject "arkitDemo" */ = {
			isa = XCConfigurationList;
			buildConfigurations = (
				FF262B3A1FA9C41C004466FF /* Debug */,
				FF262B3B1FA9C41C004466FF /* Release */,
			);
			defaultConfigurationIsVisible = 0;
			defaultConfigurationName = Release;
		};
		FF262B3C1FA9C41C004466FF /* Build configuration list for PBXNativeTarget "arkitDemo" */ = {
			isa = XCConfigurationList;
			buildConfigurations = (
				FF262B3D1FA9C41C004466FF /* Debug */,
				FF262B3E1FA9C41C004466FF /* Release */,
			);
			defaultConfigurationIsVisible = 0;
			defaultConfigurationName = Release;
		};
/* End XCConfigurationList section */
	};
	rootObject = FF262B201FA9C41C004466FF /* Project object */;
}
